
Microsoft Visual Studio Solution File, Format Version 12.00
# Visual Studio Version 17
VisualStudioVersion = 17.4.33403.182
MinimumVisualStudioVersion = 10.0.40219.1
Project("{FAE04EC0-301F-11D3-BF4B-00C04F79EFBC}") = "MeditationTrackerApp", "MeditationTrackerApp.csproj", "{2FF352F1-5E93-4540-92A1-547264C6C351}"
EndProject
Project("{9A19103F-16F7-4668-BE54-9A1E7A4F7556}") = "MeditationTrackerApp.Tests", "..\MeditationTrackerApp.Tests\MeditationTrackerApp.Tests.csproj", "{826FFC35-E523-46C0-BECF-6DB6A6C02FC4}"
EndProject
Global
	GlobalSection(SolutionConfigurationPlatforms) = preSolution
		Debug|Any CPU = Debug|Any CPU
		Release|Any CPU = Release|Any CPU
	EndGlobalSection
	GlobalSection(ProjectConfigurationPlatforms) = postSolution
		{2FF352F1-5E93-4540-92A1-547264C6C351}.Debug|Any CPU.ActiveCfg = Debug|Any CPU
		{2FF352F1-5E93-4540-92A1-547264C6C351}.Debug|Any CPU.Build.0 = Debug|Any CPU
		{2FF352F1-5E93-4540-92A1-547264C6C351}.Release|Any CPU.ActiveCfg = Release|Any CPU
		{2FF352F1-5E93-4540-92A1-547264C6C351}.Release|Any CPU.Build.0 = Release|Any CPU
		{826FFC35-E523-46C0-BECF-6DB6A6C02FC4}.Debug|Any CPU.ActiveCfg = Debug|Any CPU
		{826FFC35-E523-46C0-BECF-6DB6A6C02FC4}.Debug|Any CPU.Build.0 = Debug|Any CPU
		{826FFC35-E523-46C0-BECF-6DB6A6C02FC4}.Release|Any CPU.ActiveCfg = Release|Any CPU
		{826FFC35-E523-46C0-BECF-6DB6A6C02FC4}.Release|Any CPU.Build.0 = Release|Any CPU
	EndGlobalSection
	GlobalSection(SolutionProperties) = preSolution
		HideSolutionNode = FALSE
	EndGlobalSection
	GlobalSection(ExtensibilityGlobals) = postSolution
		SolutionGuid = {9F50B7FE-70C9-414D-97C6-2778AAF250C5}
	EndGlobalSection
EndGlobal
